
Microsoft Visual Studio Solution File, Format Version 12.00
# Visual Studio Version 17
VisualStudioVersion = 17.7.34031.279
MinimumVisualStudioVersion = 10.0.40219.1
Project("{FAE04EC0-301F-11D3-BF4B-00C04F79EFBC}") = "WpfAppPopup", "WpfAppPopup.csproj", "{53B0E123-C312-4836-A294-BCE0E3D05310}"
EndProject
Global
	GlobalSection(SolutionConfigurationPlatforms) = preSolution
		Debug|Any CPU = Debug|Any CPU
		Release|Any CPU = Release|Any CPU
	EndGlobalSection
	GlobalSection(ProjectConfigurationPlatforms) = postSolution
		{53B0E123-C312-4836-A294-BCE0E3D05310}.Debug|Any CPU.ActiveCfg = Debug|Any CPU
		{53B0E123-C312-4836-A294-BCE0E3D05310}.Debug|Any CPU.Build.0 = Debug|Any CPU
		{53B0E123-C312-4836-A294-BCE0E3D05310}.Release|Any CPU.ActiveCfg = Release|Any CPU
		{53B0E123-C312-4836-A294-BCE0E3D05310}.Release|Any CPU.Build.0 = Release|Any CPU
	EndGlobalSection
	GlobalSection(SolutionProperties) = preSolution
		HideSolutionNode = FALSE
	EndGlobalSection
	GlobalSection(ExtensibilityGlobals) = postSolution
		SolutionGuid = {E21BF1E7-5EB1-47C6-B76A-0CBDC78EFC85}
	EndGlobalSection
EndGlobal
